
Microsoft Visual Studio Solution File, Format Version 12.00
# Visual Studio Version 16
VisualStudioVersion = 16.0.30413.136
MinimumVisualStudioVersion = 10.0.40219.1
Project("{FAE04EC0-301F-11D3-BF4B-00C04F79EFBC}") = "FlowerImageClassification.Training", "FlowerImageClassification.Training\FlowerImageClassification.Training.csproj", "{14F3003C-F2A6-4EDE-9E87-87FA23A5745C}"
EndProject
Global
	GlobalSection(SolutionConfigurationPlatforms) = preSolution
		Debug|Any CPU = Debug|Any CPU
		Release|Any CPU = Release|Any CPU
	EndGlobalSection
	GlobalSection(ProjectConfigurationPlatforms) = postSolution
		{14F3003C-F2A6-4EDE-9E87-87FA23A5745C}.Debug|Any CPU.ActiveCfg = Debug|Any CPU
		{14F3003C-F2A6-4EDE-9E87-87FA23A5745C}.Debug|Any CPU.Build.0 = Debug|Any CPU
		{14F3003C-F2A6-4EDE-9E87-87FA23A5745C}.Release|Any CPU.ActiveCfg = Release|Any CPU
		{14F3003C-F2A6-4EDE-9E87-87FA23A5745C}.Release|Any CPU.Build.0 = Release|Any CPU
	EndGlobalSection
	GlobalSection(SolutionProperties) = preSolution
		HideSolutionNode = FALSE
	EndGlobalSection
	GlobalSection(ExtensibilityGlobals) = postSolution
		SolutionGuid = {E1613D6C-FC7D-4412-B157-D302318E47B5}
	EndGlobalSection
EndGlobal
